{
  "name": "pixi-spine-parent",
  "version": "3.0.0",
  "lockfileVersion": 2,
  "requires": true,
  "packages": {
    "": {
      "name": "pixi-spine-parent",
      "version": "3.0.0",
      "license": "SEE SPINE-LICENSE",
      "dependencies": {
        "@pixi/constants": "^6.3.2",
        "@pixi/runner": "^6.3.2",
        "@pixi/settings": "^6.3.2"
      }
    },
    "node_modules/@pixi/constants": {
      "version": "6.3.2",
      "resolved": "https://registry.npmjs.org/@pixi/constants/-/constants-6.3.2.tgz",
      "integrity": "sha512-sUE8QEJNl4vWUybS0YqpVUBWoOyLkr5bSj1+3mpmbWJTMVmLB2voFXo7XpSNCBlLH1SBN5flcgJlUWOCgNyATg=="
    },
    "node_modules/@pixi/runner": {
      "version": "6.3.2",
      "resolved": "https://registry.npmjs.org/@pixi/runner/-/runner-6.3.2.tgz",
      "integrity": "sha512-Sspv4VTiV51GwoIg+WudHZHpT3ad5ukW20OLOR+eDOSLbgQEMfj4cTVRg27TvM/QZ/5LxeN3FqwWV+kiWpqCnw=="
    },
    "node_modules/@pixi/settings": {
      "version": "6.3.2",
      "resolved": "https://registry.npmjs.org/@pixi/settings/-/settings-6.3.2.tgz",
      "integrity": "sha512-i5cLDUWFnRub3LPa3x7IzkH8MjSwPHyHWzIZKG5t8RiCfbhVfhWGEdKO9AYp8yO/xcf7AqtPK4mikXziL48tXA==",
      "dependencies": {
        "ismobilejs": "^1.1.0"
      }
    },
    "node_modules/ismobilejs": {
      "version": "1.1.1",
      "resolved": "https://registry.npmjs.org/ismobilejs/-/ismobilejs-1.1.1.tgz",
      "integrity": "sha512-VaFW53yt8QO61k2WJui0dHf4SlL8lxBofUuUmwBo0ljPk0Drz2TiuDW4jo3wDcv41qy/SxrJ+VAzJ/qYqsmzRw=="
    }
  },
  "dependencies": {
    "@pixi/constants": {
      "version": "6.3.2",
      "resolved": "https://registry.npmjs.org/@pixi/constants/-/constants-6.3.2.tgz",
      "integrity": "sha512-sUE8QEJNl4vWUybS0YqpVUBWoOyLkr5bSj1+3mpmbWJTMVmLB2voFXo7XpSNCBlLH1SBN5flcgJlUWOCgNyATg=="
    },
    "@pixi/runner": {
      "version": "6.3.2",
      "resolved": "https://registry.npmjs.org/@pixi/runner/-/runner-6.3.2.tgz",
      "integrity": "sha512-Sspv4VTiV51GwoIg+WudHZHpT3ad5ukW20OLOR+eDOSLbgQEMfj4cTVRg27TvM/QZ/5LxeN3FqwWV+kiWpqCnw=="
    },
    "@pixi/settings": {
      "version": "6.3.2",
      "resolved": "https://registry.npmjs.org/@pixi/settings/-/settings-6.3.2.tgz",
      "integrity": "sha512-i5cLDUWFnRub3LPa3x7IzkH8MjSwPHyHWzIZKG5t8RiCfbhVfhWGEdKO9AYp8yO/xcf7AqtPK4mikXziL48tXA==",
      "requires": {
        "ismobilejs": "^1.1.0"
      }
    },
    "ismobilejs": {
      "version": "1.1.1",
      "resolved": "https://registry.npmjs.org/ismobilejs/-/ismobilejs-1.1.1.tgz",
      "integrity": "sha512-VaFW53yt8QO61k2WJui0dHf4SlL8lxBofUuUmwBo0ljPk0Drz2TiuDW4jo3wDcv41qy/SxrJ+VAzJ/qYqsmzRw=="
    }
  }
}
